# This file is automatically @generated by Cargo.
# It is not intended for manual editing.
version = 3

[[package]]
name = "cryptotools"
version = "0.1.0"
dependencies = [
 "md5",
]

[[package]]
name = "cryptotools"
version = "0.1.0"
source = "git+https://github.com/heroesofcode/cryptotools#0dc5a1341f431bf82976b916a01027a2ef29e715"
dependencies = [
 "md5",
]

[[package]]
name = "example"
version = "0.1.0"
dependencies = [
 "cryptotools 0.1.0 (git+https://github.com/heroesofcode/cryptotools)",
]

[[package]]
name = "md5"
version = "0.7.0"
source = "registry+https://github.com/rust-lang/crates.io-index"
checksum = "490cc448043f947bae3cbee9c203358d62dbee0db12107a74be5c30ccfd09771"
